
Microsoft Visual Studio Solution File, Format Version 12.00
# Visual Studio 14
VisualStudioVersion = 14.0.25420.1
MinimumVisualStudioVersion = 10.0.40219.1
Project("{FAE04EC0-301F-11D3-BF4B-00C04F79EFBC}") = "ControleEstacionamento.Domain", "ControleEstacionamento.Domain\ControleEstacionamento.Domain.csproj", "{B4DE93AF-C6FD-4A7F-BEAD-15C14FA9F078}"
EndProject
Project("{FAE04EC0-301F-11D3-BF4B-00C04F79EFBC}") = "ControleEstacionamento.Persistence.Entity", "ControleEstacionamento.Persistence.Entity\ControleEstacionamento.Persistence.Entity.csproj", "{B5B699D4-054D-48CC-8E88-F7653479D769}"
EndProject
Project("{FAE04EC0-301F-11D3-BF4B-00C04F79EFBC}") = "ControleEstacionamento.Repository", "ControleEstacionamento.Repository\ControleEstacionamento.Repository.csproj", "{90C9BAB1-9D46-428F-9662-22148CF4F032}"
EndProject
Project("{FAE04EC0-301F-11D3-BF4B-00C04F79EFBC}") = "ControleEstacionamento.Service", "ControleEstacionamento.Service\ControleEstacionamento.Service.csproj", "{617C2029-41C3-4BCC-A9A3-BE46BDBFF729}"
EndProject
Global
	GlobalSection(SolutionConfigurationPlatforms) = preSolution
		Debug|Any CPU = Debug|Any CPU
		Release|Any CPU = Release|Any CPU
	EndGlobalSection
	GlobalSection(ProjectConfigurationPlatforms) = postSolution
		{B4DE93AF-C6FD-4A7F-BEAD-15C14FA9F078}.Debug|Any CPU.ActiveCfg = Debug|Any CPU
		{B4DE93AF-C6FD-4A7F-BEAD-15C14FA9F078}.Debug|Any CPU.Build.0 = Debug|Any CPU
		{B4DE93AF-C6FD-4A7F-BEAD-15C14FA9F078}.Release|Any CPU.ActiveCfg = Release|Any CPU
		{B4DE93AF-C6FD-4A7F-BEAD-15C14FA9F078}.Release|Any CPU.Build.0 = Release|Any CPU
		{B5B699D4-054D-48CC-8E88-F7653479D769}.Debug|Any CPU.ActiveCfg = Debug|Any CPU
		{B5B699D4-054D-48CC-8E88-F7653479D769}.Debug|Any CPU.Build.0 = Debug|Any CPU
		{B5B699D4-054D-48CC-8E88-F7653479D769}.Release|Any CPU.ActiveCfg = Release|Any CPU
		{B5B699D4-054D-48CC-8E88-F7653479D769}.Release|Any CPU.Build.0 = Release|Any CPU
		{90C9BAB1-9D46-428F-9662-22148CF4F032}.Debug|Any CPU.ActiveCfg = Debug|Any CPU
		{90C9BAB1-9D46-428F-9662-22148CF4F032}.Debug|Any CPU.Build.0 = Debug|Any CPU
		{90C9BAB1-9D46-428F-9662-22148CF4F032}.Release|Any CPU.ActiveCfg = Release|Any CPU
		{90C9BAB1-9D46-428F-9662-22148CF4F032}.Release|Any CPU.Build.0 = Release|Any CPU
		{617C2029-41C3-4BCC-A9A3-BE46BDBFF729}.Debug|Any CPU.ActiveCfg = Debug|Any CPU
		{617C2029-41C3-4BCC-A9A3-BE46BDBFF729}.Debug|Any CPU.Build.0 = Debug|Any CPU
		{617C2029-41C3-4BCC-A9A3-BE46BDBFF729}.Release|Any CPU.ActiveCfg = Release|Any CPU
		{617C2029-41C3-4BCC-A9A3-BE46BDBFF729}.Release|Any CPU.Build.0 = Release|Any CPU
	EndGlobalSection
	GlobalSection(SolutionProperties) = preSolution
		HideSolutionNode = FALSE
	EndGlobalSection
EndGlobal
